{
    "_readme": [
        "This file locks the dependencies of your project to a known state",
        "Read more about it at https://getcomposer.org/doc/01-basic-usage.md#composer-lock-the-lock-file",
        "This file is @generated automatically"
    ],
    "hash": "d143cf07fbc09b31481dc99f4d750122",
    "content-hash": "a027d2d49e68c0ce57ed6f2faae1cf5a",
    "packages": [
        {
            "name": "doctrine/annotations",
            "version": "dev-master",
            "source": {
                "type": "git",
                "url": "https://github.com/doctrine/annotations.git",
                "reference": "a0adee8297c90980c3d3ffe25e5a6c6f52fa73fa"
            },
            "dist": {
                "type": "zip",
                "url": "https://api.github.com/repos/doctrine/annotations/zipball/a0adee8297c90980c3d3ffe25e5a6c6f52fa73fa",
                "reference": "a0adee8297c90980c3d3ffe25e5a6c6f52fa73fa",
                "shasum": ""
            },
            "require": {
                "doctrine/lexer": "1.*",
                "php": "^5.6 || ^7.0"
            },
            "require-dev": {
                "doctrine/cache": "1.*",
                "phpunit/phpunit": "^5.6.1"
            },
            "type": "library",
            "extra": {
                "branch-alias": {
                    "dev-master": "1.4.x-dev"
                }
            },
            "autoload": {
                "psr-4": {
                    "Doctrine\\Common\\Annotations\\": "lib/Doctrine/Common/Annotations"
                }
            },
            "notification-url": "https://packagist.org/downloads/",
            "license": [
                "MIT"
            ],
            "authors": [
                {
                    "name": "Roman Borschel",
                    "email": "roman@code-factory.org"
                },
                {
                    "name": "Benjamin Eberlei",
                    "email": "kontakt@beberlei.de"
                },
                {
                    "name": "Guilherme Blanco",
                    "email": "guilhermeblanco@gmail.com"
                },
                {
                    "name": "Jonathan Wage",
                    "email": "jonwage@gmail.com"
                },
                {
                    "name": "Johannes Schmitt",
                    "email": "schmittjoh@gmail.com"
                }
            ],
            "description": "Docblock Annotations Parser",
            "homepage": "http://www.doctrine-project.org",
            "keywords": [
                "annotations",
                "docblock",
                "parser"
            ],
            "time": "2016-11-05 13:23:40"
        },
        {
            "name": "doctrine/cache",
            "version": "dev-master",
            "source": {
                "type": "git",
                "url": "https://github.com/doctrine/cache.git",
                "reference": "9fa5962201c8b69cb68d091bfa6a77e92e2a3559"
            },
            "dist": {
                "type": "zip",
                "url": "https://api.github.com/repos/doctrine/cache/zipball/9fa5962201c8b69cb68d091bfa6a77e92e2a3559",
                "reference": "9fa5962201c8b69cb68d091bfa6a77e92e2a3559",
                "shasum": ""
            },
            "require": {
                "php": "~5.6|~7.0"
            },
            "conflict": {
                "doctrine/common": ">2.2,<2.4"
            },
            "require-dev": {
                "phpunit/phpunit": "^5.6.2",
                "predis/predis": "~1.0"
            },
            "type": "library",
            "extra": {
                "branch-alias": {
                    "dev-master": "1.7.x-dev"
                }
            },
            "autoload": {
                "psr-4": {
                    "Doctrine\\Common\\Cache\\": "lib/Doctrine/Common/Cache"
                }
            },
            "notification-url": "https://packagist.org/downloads/",
            "license": [
                "MIT"
            ],
            "authors": [
                {
                    "name": "Roman Borschel",
                    "email": "roman@code-factory.org"
                },
                {
                    "name": "Benjamin Eberlei",
                    "email": "kontakt@beberlei.de"
                },
                {
                    "name": "Guilherme Blanco",
                    "email": "guilhermeblanco@gmail.com"
                },
                {
                    "name": "Jonathan Wage",
                    "email": "jonwage@gmail.com"
                },
                {
                    "name": "Johannes Schmitt",
                    "email": "schmittjoh@gmail.com"
                }
            ],
            "description": "Caching library offering an object-oriented API for many cache backends",
            "homepage": "http://www.doctrine-project.org",
            "keywords": [
                "cache",
                "caching"
            ],
            "time": "2016-12-04 05:51:54"
        },
        {
            "name": "doctrine/collections",
            "version": "dev-master",
            "source": {
                "type": "git",
                "url": "https://github.com/doctrine/collections.git",
                "reference": "0b0b54166319e02f50f996f8d966aed368a78bfe"
            },
            "dist": {
                "type": "zip",
                "url": "https://api.github.com/repos/doctrine/collections/zipball/0b0b54166319e02f50f996f8d966aed368a78bfe",
                "reference": "0b0b54166319e02f50f996f8d966aed368a78bfe",
                "shasum": ""
            },
            "require": {
                "php": "^5.5 || ^7.0"
            },
            "require-dev": {
                "phpunit/phpunit": "~4.0"
            },
            "type": "library",
            "extra": {
                "branch-alias": {
                    "dev-master": "1.3.x-dev"
                }
            },
            "autoload": {
                "psr-0": {
                    "Doctrine\\Common\\Collections\\": "lib/"
                }
            },
            "notification-url": "https://packagist.org/downloads/",
            "license": [
                "MIT"
            ],
            "authors": [
                {
                    "name": "Roman Borschel",
                    "email": "roman@code-factory.org"
                },
                {
                    "name": "Benjamin Eberlei",
                    "email": "kontakt@beberlei.de"
                },
                {
                    "name": "Guilherme Blanco",
                    "email": "guilhermeblanco@gmail.com"
                },
                {
                    "name": "Jonathan Wage",
                    "email": "jonwage@gmail.com"
                },
                {
                    "name": "Johannes Schmitt",
                    "email": "schmittjoh@gmail.com"
                }
            ],
            "description": "Collections Abstraction library",
            "homepage": "http://www.doctrine-project.org",
            "keywords": [
                "array",
                "collections",
                "iterator"
            ],
            "time": "2016-12-06 20:54:17"
        },
        {
            "name": "doctrine/common",
            "version": "dev-master",
            "source": {
                "type": "git",
                "url": "https://github.com/doctrine/common.git",
                "reference": "c10aa59433689cf803dc669c8512cc1a3612233c"
            },
            "dist": {
                "type": "zip",
                "url": "https://api.github.com/repos/doctrine/common/zipball/c10aa59433689cf803dc669c8512cc1a3612233c",
                "reference": "c10aa59433689cf803dc669c8512cc1a3612233c",
                "shasum": ""
            },
            "require": {
                "doctrine/annotations": "1.*",
                "doctrine/cache": "1.*",
                "doctrine/collections": "1.*",
                "doctrine/inflector": "1.*",
                "doctrine/lexer": "1.*",
                "php": "~5.6|~7.0"
            },
            "require-dev": {
                "phpunit/phpunit": "^5.4.6"
            },
            "type": "library",
            "extra": {
                "branch-alias": {
                    "dev-master": "2.7.x-dev"
                }
            },
            "autoload": {
                "psr-4": {
                    "Doctrine\\Common\\": "lib/Doctrine/Common"
                }
            },
            "notification-url": "https://packagist.org/downloads/",
            "license": [
                "MIT"
            ],
            "authors": [
                {
                    "name": "Roman Borschel",
                    "email": "roman@code-factory.org"
                },
                {
                    "name": "Benjamin Eberlei",
                    "email": "kontakt@beberlei.de"
                },
                {
                    "name": "Guilherme Blanco",
                    "email": "guilhermeblanco@gmail.com"
                },
                {
                    "name": "Jonathan Wage",
                    "email": "jonwage@gmail.com"
                },
                {
                    "name": "Johannes Schmitt",
                    "email": "schmittjoh@gmail.com"
                }
            ],
            "description": "Common Library for Doctrine projects",
            "homepage": "http://www.doctrine-project.org",
            "keywords": [
                "annotations",
                "collections",
                "eventmanager",
                "persistence",
                "spl"
            ],
            "time": "2016-12-03 08:10:21"
        },
        {
            "name": "doctrine/dbal",
            "version": "dev-master",
            "source": {
                "type": "git",
                "url": "https://github.com/doctrine/dbal.git",
                "reference": "b551fcb26a81e230085c0dca88174573b6c36609"
            },
            "dist": {
                "type": "zip",
                "url": "https://api.github.com/repos/doctrine/dbal/zipball/b551fcb26a81e230085c0dca88174573b6c36609",
                "reference": "b551fcb26a81e230085c0dca88174573b6c36609",
                "shasum": ""
            },
            "require": {
                "doctrine/common": "^2.7.1",
                "php": "^5.6 || ^7.0"
            },
            "require-dev": {
                "phpunit/phpunit": "^5.4.6",
                "phpunit/phpunit-mock-objects": "!=3.2.4,!=3.2.5",
                "symfony/console": "2.*||^3.0"
            },
            "suggest": {
                "symfony/console": "For helpful console commands such as SQL execution and import of files."
            },
            "bin": [
                "bin/doctrine-dbal"
            ],
            "type": "library",
            "extra": {
                "branch-alias": {
                    "dev-master": "2.6.x-dev"
                }
            },
            "autoload": {
                "psr-0": {
                    "Doctrine\\DBAL\\": "lib/"
                }
            },
            "notification-url": "https://packagist.org/downloads/",
            "license": [
                "MIT"
            ],
            "authors": [
                {
                    "name": "Roman Borschel",
                    "email": "roman@code-factory.org"
                },
                {
                    "name": "Benjamin Eberlei",
                    "email": "kontakt@beberlei.de"
                },
                {
                    "name": "Guilherme Blanco",
                    "email": "guilhermeblanco@gmail.com"
                },
                {
                    "name": "Jonathan Wage",
                    "email": "jonwage@gmail.com"
                }
            ],
            "description": "Database Abstraction Layer",
            "homepage": "http://www.doctrine-project.org",
            "keywords": [
                "database",
                "dbal",
                "persistence",
                "queryobject"
            ],
            "time": "2016-12-04 05:57:28"
        },
        {
            "name": "doctrine/inflector",
            "version": "dev-master",
            "source": {
                "type": "git",
                "url": "https://github.com/doctrine/inflector.git",
                "reference": "803a2ed9fea02f9ca47cd45395089fe78769a392"
            },
            "dist": {
                "type": "zip",
                "url": "https://api.github.com/repos/doctrine/inflector/zipball/803a2ed9fea02f9ca47cd45395089fe78769a392",
                "reference": "803a2ed9fea02f9ca47cd45395089fe78769a392",
                "shasum": ""
            },
            "require": {
                "php": ">=5.3.2"
            },
            "require-dev": {
                "phpunit/phpunit": "4.*"
            },
            "type": "library",
            "extra": {
                "branch-alias": {
                    "dev-master": "1.1.x-dev"
                }
            },
            "autoload": {
                "psr-0": {
                    "Doctrine\\Common\\Inflector\\": "lib/"
                }
            },
            "notification-url": "https://packagist.org/downloads/",
            "license": [
                "MIT"
            ],
            "authors": [
                {
                    "name": "Roman Borschel",
                    "email": "roman@code-factory.org"
                },
                {
                    "name": "Benjamin Eberlei",
                    "email": "kontakt@beberlei.de"
                },
                {
                    "name": "Guilherme Blanco",
                    "email": "guilhermeblanco@gmail.com"
                },
                {
                    "name": "Jonathan Wage",
                    "email": "jonwage@gmail.com"
                },
                {
                    "name": "Johannes Schmitt",
                    "email": "schmittjoh@gmail.com"
                }
            ],
            "description": "Common String Manipulations with regard to casing and singular/plural rules.",
            "homepage": "http://www.doctrine-project.org",
            "keywords": [
                "inflection",
                "pluralize",
                "singularize",
                "string"
            ],
            "time": "2016-05-12 17:23:41"
        },
        {
            "name": "doctrine/instantiator",
            "version": "dev-master",
            "source": {
                "type": "git",
                "url": "https://github.com/doctrine/instantiator.git",
                "reference": "416fb8ad1d095a87f1d21bc40711843cd122fd4a"
            },
            "dist": {
                "type": "zip",
                "url": "https://api.github.com/repos/doctrine/instantiator/zipball/416fb8ad1d095a87f1d21bc40711843cd122fd4a",
                "reference": "416fb8ad1d095a87f1d21bc40711843cd122fd4a",
                "shasum": ""
            },
            "require": {
                "php": ">=5.3,<8.0-DEV"
            },
            "require-dev": {
                "athletic/athletic": "~0.1.8",
                "ext-pdo": "*",
                "ext-phar": "*",
                "phpunit/phpunit": "~4.0",
                "squizlabs/php_codesniffer": "~2.0"
            },
            "type": "library",
            "extra": {
                "branch-alias": {
                    "dev-master": "1.0.x-dev"
                }
            },
            "autoload": {
                "psr-4": {
                    "Doctrine\\Instantiator\\": "src/Doctrine/Instantiator/"
                }
            },
            "notification-url": "https://packagist.org/downloads/",
            "license": [
                "MIT"
            ],
            "authors": [
                {
                    "name": "Marco Pivetta",
                    "email": "ocramius@gmail.com",
                    "homepage": "http://ocramius.github.com/"
                }
            ],
            "description": "A small, lightweight utility to instantiate objects in PHP without invoking their constructors",
            "homepage": "https://github.com/doctrine/instantiator",
            "keywords": [
                "constructor",
                "instantiate"
            ],
            "time": "2016-03-31 10:24:22"
        },
        {
            "name": "doctrine/lexer",
            "version": "dev-master",
            "source": {
                "type": "git",
                "url": "https://github.com/doctrine/lexer.git",
                "reference": "83893c552fd2045dd78aef794c31e694c37c0b8c"
            },
            "dist": {
                "type": "zip",
                "url": "https://api.github.com/repos/doctrine/lexer/zipball/83893c552fd2045dd78aef794c31e694c37c0b8c",
                "reference": "83893c552fd2045dd78aef794c31e694c37c0b8c",
                "shasum": ""
            },
            "require": {
                "php": ">=5.3.2"
            },
            "type": "library",
            "extra": {
                "branch-alias": {
                    "dev-master": "1.0.x-dev"
                }
            },
            "autoload": {
                "psr-0": {
                    "Doctrine\\Common\\Lexer\\": "lib/"
                }
            },
            "notification-url": "https://packagist.org/downloads/",
            "license": [
                "MIT"
            ],
            "authors": [
                {
                    "name": "Roman Borschel",
                    "email": "roman@code-factory.org"
                },
                {
                    "name": "Guilherme Blanco",
                    "email": "guilhermeblanco@gmail.com"
                },
                {
                    "name": "Johannes Schmitt",
                    "email": "schmittjoh@gmail.com"
                }
            ],
            "description": "Base library for a lexer that can be used in Top-Down, Recursive Descent Parsers.",
            "homepage": "http://www.doctrine-project.org",
            "keywords": [
                "lexer",
                "parser"
            ],
            "time": "2014-09-09 13:34:57"
        },
        {
            "name": "doctrine/orm",
            "version": "dev-master",
            "source": {
                "type": "git",
                "url": "https://github.com/doctrine/doctrine2.git",
                "reference": "6af1d2843f003b60300bf45edd41bc22b6407f6b"
            },
            "dist": {
                "type": "zip",
                "url": "https://api.github.com/repos/doctrine/doctrine2/zipball/6af1d2843f003b60300bf45edd41bc22b6407f6b",
                "reference": "6af1d2843f003b60300bf45edd41bc22b6407f6b",
                "shasum": ""
            },
            "require": {
                "doctrine/cache": "~1.4",
                "doctrine/collections": "~1.2",
                "doctrine/common": "^2.7.1",
                "doctrine/dbal": ">=2.5-dev,<2.7-dev",
                "doctrine/instantiator": "~1.0.1",
                "ext-pdo": "*",
                "php": "^5.6 || ^7.0",
                "symfony/console": "~2.5|~3.0"
            },
            "require-dev": {
                "phpunit/phpunit": "^5.4",
                "symfony/yaml": "~2.3|~3.0"
            },
            "suggest": {
                "symfony/yaml": "If you want to use YAML Metadata Mapping Driver"
            },
            "bin": [
                "bin/doctrine"
            ],
            "type": "library",
            "extra": {
                "branch-alias": {
                    "dev-master": "2.6.x-dev"
                }
            },
            "autoload": {
                "psr-4": {
                    "Doctrine\\ORM\\": "lib/Doctrine/ORM"
                }
            },
            "notification-url": "https://packagist.org/downloads/",
            "license": [
                "MIT"
            ],
            "authors": [
                {
                    "name": "Roman Borschel",
                    "email": "roman@code-factory.org"
                },
                {
                    "name": "Benjamin Eberlei",
                    "email": "kontakt@beberlei.de"
                },
                {
                    "name": "Guilherme Blanco",
                    "email": "guilhermeblanco@gmail.com"
                },
                {
                    "name": "Jonathan Wage",
                    "email": "jonwage@gmail.com"
                },
                {
                    "name": "Marco Pivetta",
                    "email": "ocramius@gmail.com"
                }
            ],
            "description": "Object-Relational-Mapper for PHP",
            "homepage": "http://www.doctrine-project.org",
            "keywords": [
                "database",
                "orm"
            ],
            "time": "2016-12-04 05:55:26"
        },
        {
            "name": "psr/log",
            "version": "dev-master",
            "source": {
                "type": "git",
                "url": "https://github.com/php-fig/log.git",
                "reference": "4ebe3a8bf773a19edfe0a84b6585ba3d401b724d"
            },
            "dist": {
                "type": "zip",
                "url": "https://api.github.com/repos/php-fig/log/zipball/4ebe3a8bf773a19edfe0a84b6585ba3d401b724d",
                "reference": "4ebe3a8bf773a19edfe0a84b6585ba3d401b724d",
                "shasum": ""
            },
            "require": {
                "php": ">=5.3.0"
            },
            "type": "library",
            "extra": {
                "branch-alias": {
                    "dev-master": "1.0.x-dev"
                }
            },
            "autoload": {
                "psr-4": {
                    "Psr\\Log\\": "Psr/Log/"
                }
            },
            "notification-url": "https://packagist.org/downloads/",
            "license": [
                "MIT"
            ],
            "authors": [
                {
                    "name": "PHP-FIG",
                    "homepage": "http://www.php-fig.org/"
                }
            ],
            "description": "Common interface for logging libraries",
            "homepage": "https://github.com/php-fig/log",
            "keywords": [
                "log",
                "psr",
                "psr-3"
            ],
            "time": "2016-10-10 12:19:37"
        },
        {
            "name": "senun/widget",
            "version": "dev-master",
            "source": {
                "type": "git",
                "url": "https://github.com/senun/widget.git",
                "reference": "8f67a5b4d61785230ae62585ff783c2f2fd7a856"
            },
            "dist": {
                "type": "zip",
                "url": "https://api.github.com/repos/senun/widget/zipball/8f67a5b4d61785230ae62585ff783c2f2fd7a856",
                "reference": "8f67a5b4d61785230ae62585ff783c2f2fd7a856",
                "shasum": ""
            },
            "require": {
                "senun/widget-create-element": "dev-master"
            },
            "type": "library",
            "autoload": {
                "psr-4": {
                    "Senun\\Widget\\": "Senun/Widget/"
                }
            },
            "notification-url": "https://packagist.org/downloads/",
            "authors": [
                {
                    "name": "Estefanio NS",
                    "email": "estefanions@gmail.com"
                }
            ],
            "time": "2016-11-27 21:03:35"
        },
        {
            "name": "senun/widget-create-element",
            "version": "dev-master",
            "source": {
                "type": "git",
                "url": "https://github.com/senun/widget-create-element.git",
                "reference": "a6dc652140be204cc0eeee5faae5cdce4126772e"
            },
            "dist": {
                "type": "zip",
                "url": "https://api.github.com/repos/senun/widget-create-element/zipball/a6dc652140be204cc0eeee5faae5cdce4126772e",
                "reference": "a6dc652140be204cc0eeee5faae5cdce4126772e",
                "shasum": ""
            },
            "type": "library",
            "autoload": {
                "psr-4": {
                    "Senun\\Widget\\Create\\": "Senun/Widget/Create/"
                }
            },
            "notification-url": "https://packagist.org/downloads/",
            "authors": [
                {
                    "name": "Estefanio NS",
                    "email": "estefanions@gmail.com"
                }
            ],
            "time": "2016-11-14 12:36:23"
        },
        {
            "name": "senun/widget-form",
            "version": "dev-master",
            "source": {
                "type": "git",
                "url": "https://github.com/senun/widget-form.git",
                "reference": "aad395a57e7f27771ba9eee117fea149fd2e62bc"
            },
            "dist": {
                "type": "zip",
                "url": "https://api.github.com/repos/senun/widget-form/zipball/aad395a57e7f27771ba9eee117fea149fd2e62bc",
                "reference": "aad395a57e7f27771ba9eee117fea149fd2e62bc",
                "shasum": ""
            },
            "require": {
                "senun/widget-create-element": "dev-master"
            },
            "type": "library",
            "autoload": {
                "psr-4": {
                    "Senun\\Widget\\Form\\": "Senun/Widget/Form/"
                }
            },
            "notification-url": "https://packagist.org/downloads/",
            "authors": [
                {
                    "name": "Estefanio NS",
                    "email": "estefanions@gmail.com"
                }
            ],
            "time": "2016-12-10 13:42:03"
        },
        {
            "name": "symfony/console",
            "version": "dev-master",
            "source": {
                "type": "git",
                "url": "https://github.com/symfony/console.git",
                "reference": "3c2380fcde1e7311afdc20836f4db460f0550427"
            },
            "dist": {
                "type": "zip",
                "url": "https://api.github.com/repos/symfony/console/zipball/3c2380fcde1e7311afdc20836f4db460f0550427",
                "reference": "3c2380fcde1e7311afdc20836f4db460f0550427",
                "shasum": ""
            },
            "require": {
                "php": ">=5.5.9",
                "symfony/debug": "~2.8|~3.0",
                "symfony/polyfill-mbstring": "~1.0"
            },
            "require-dev": {
                "psr/log": "~1.0",
                "symfony/event-dispatcher": "~2.8|~3.0",
                "symfony/filesystem": "~2.8|~3.0",
                "symfony/process": "~2.8|~3.0"
            },
            "suggest": {
                "psr/log": "For using the console logger",
                "symfony/event-dispatcher": "",
                "symfony/filesystem": "",
                "symfony/process": ""
            },
            "type": "library",
            "extra": {
                "branch-alias": {
                    "dev-master": "3.3-dev"
                }
            },
            "autoload": {
                "psr-4": {
                    "Symfony\\Component\\Console\\": ""
                },
                "exclude-from-classmap": [
                    "/Tests/"
                ]
            },
            "notification-url": "https://packagist.org/downloads/",
            "license": [
                "MIT"
            ],
            "authors": [
                {
                    "name": "Fabien Potencier",
                    "email": "fabien@symfony.com"
                },
                {
                    "name": "Symfony Community",
                    "homepage": "https://symfony.com/contributors"
                }
            ],
            "description": "Symfony Console Component",
            "homepage": "https://symfony.com",
            "time": "2016-12-08 15:31:48"
        },
        {
            "name": "symfony/debug",
            "version": "dev-master",
            "source": {
                "type": "git",
                "url": "https://github.com/symfony/debug.git",
                "reference": "342af93b6be3aedfc922c7cf07e4e5d0bc96c6a7"
            },
            "dist": {
                "type": "zip",
                "url": "https://api.github.com/repos/symfony/debug/zipball/342af93b6be3aedfc922c7cf07e4e5d0bc96c6a7",
                "reference": "342af93b6be3aedfc922c7cf07e4e5d0bc96c6a7",
                "shasum": ""
            },
            "require": {
                "php": ">=5.5.9",
                "psr/log": "~1.0"
            },
            "conflict": {
                "symfony/http-kernel": ">=2.3,<2.3.24|~2.4.0|>=2.5,<2.5.9|>=2.6,<2.6.2"
            },
            "require-dev": {
                "symfony/class-loader": "~2.8|~3.0",
                "symfony/http-kernel": "~2.8|~3.0"
            },
            "type": "library",
            "extra": {
                "branch-alias": {
                    "dev-master": "3.3-dev"
                }
            },
            "autoload": {
                "psr-4": {
                    "Symfony\\Component\\Debug\\": ""
                },
                "exclude-from-classmap": [
                    "/Tests/"
                ]
            },
            "notification-url": "https://packagist.org/downloads/",
            "license": [
                "MIT"
            ],
            "authors": [
                {
                    "name": "Fabien Potencier",
                    "email": "fabien@symfony.com"
                },
                {
                    "name": "Symfony Community",
                    "homepage": "https://symfony.com/contributors"
                }
            ],
            "description": "Symfony Debug Component",
            "homepage": "https://symfony.com",
            "time": "2016-11-19 20:35:20"
        },
        {
            "name": "symfony/polyfill-mbstring",
            "version": "dev-master",
            "source": {
                "type": "git",
                "url": "https://github.com/symfony/polyfill-mbstring.git",
                "reference": "e79d363049d1c2128f133a2667e4f4190904f7f4"
            },
            "dist": {
                "type": "zip",
                "url": "https://api.github.com/repos/symfony/polyfill-mbstring/zipball/e79d363049d1c2128f133a2667e4f4190904f7f4",
                "reference": "e79d363049d1c2128f133a2667e4f4190904f7f4",
                "shasum": ""
            },
            "require": {
                "php": ">=5.3.3"
            },
            "suggest": {
                "ext-mbstring": "For best performance"
            },
            "type": "library",
            "extra": {
                "branch-alias": {
                    "dev-master": "1.3-dev"
                }
            },
            "autoload": {
                "psr-4": {
                    "Symfony\\Polyfill\\Mbstring\\": ""
                },
                "files": [
                    "bootstrap.php"
                ]
            },
            "notification-url": "https://packagist.org/downloads/",
            "license": [
                "MIT"
            ],
            "authors": [
                {
                    "name": "Nicolas Grekas",
                    "email": "p@tchwork.com"
                },
                {
                    "name": "Symfony Community",
                    "homepage": "https://symfony.com/contributors"
                }
            ],
            "description": "Symfony polyfill for the Mbstring extension",
            "homepage": "https://symfony.com",
            "keywords": [
                "compatibility",
                "mbstring",
                "polyfill",
                "portable",
                "shim"
            ],
            "time": "2016-11-14 01:06:16"
        },
        {
            "name": "zuniphp/contract",
            "version": "dev-master",
            "source": {
                "type": "git",
                "url": "https://github.com/zuniphp/contract.git",
                "reference": "d70142f514f1a300b5d357ef3daed6ddff7fd62e"
            },
            "dist": {
                "type": "zip",
                "url": "https://api.github.com/repos/zuniphp/contract/zipball/d70142f514f1a300b5d357ef3daed6ddff7fd62e",
                "reference": "d70142f514f1a300b5d357ef3daed6ddff7fd62e",
                "shasum": ""
            },
            "type": "library",
            "autoload": {
                "psr-4": {
                    "Zuni\\Contract\\": "src/Zuni/Contract/"
                }
            },
            "notification-url": "https://packagist.org/downloads/",
            "license": [
                "MIT"
            ],
            "authors": [
                {
                    "name": "Estefanio NS",
                    "email": "estefanions@gmail.com"
                }
            ],
            "time": "2016-05-16 02:35:18"
        },
        {
            "name": "zuniphp/filter",
            "version": "dev-master",
            "source": {
                "type": "git",
                "url": "https://github.com/zuniphp/filter.git",
                "reference": "ec82dc4399173c176abf10a8c8f2b99a1346a21f"
            },
            "dist": {
                "type": "zip",
                "url": "https://api.github.com/repos/zuniphp/filter/zipball/ec82dc4399173c176abf10a8c8f2b99a1346a21f",
                "reference": "ec82dc4399173c176abf10a8c8f2b99a1346a21f",
                "shasum": ""
            },
            "type": "library",
            "autoload": {
                "psr-4": {
                    "Zuni\\Filter\\": "src/Zuni/Filter/"
                }
            },
            "notification-url": "https://packagist.org/downloads/",
            "license": [
                "MIT"
            ],
            "authors": [
                {
                    "name": "Estefanio NS",
                    "email": "estefanions@gmail.com"
                }
            ],
            "time": "2016-03-26 02:00:44"
        },
        {
            "name": "zuniphp/registry",
            "version": "dev-master",
            "source": {
                "type": "git",
                "url": "https://github.com/zuniphp/registry.git",
                "reference": "9e8838bb8979f55676b25ec2f507958fc48a9410"
            },
            "dist": {
                "type": "zip",
                "url": "https://api.github.com/repos/zuniphp/registry/zipball/9e8838bb8979f55676b25ec2f507958fc48a9410",
                "reference": "9e8838bb8979f55676b25ec2f507958fc48a9410",
                "shasum": ""
            },
            "require": {
                "zuniphp/contract": "dev-master"
            },
            "type": "library",
            "autoload": {
                "psr-4": {
                    "Zuni\\Registry\\": "src/Zuni/Registry/"
                }
            },
            "notification-url": "https://packagist.org/downloads/",
            "license": [
                "MIT"
            ],
            "authors": [
                {
                    "name": "Estefanio NS",
                    "email": "estefanions@gmail.com"
                }
            ],
            "time": "2016-08-23 04:10:58"
        },
        {
            "name": "zuniphp/uri",
            "version": "dev-master",
            "source": {
                "type": "git",
                "url": "https://github.com/zuniphp/uri.git",
                "reference": "6ddfa6359137d431a3328ddb5645a99567895873"
            },
            "dist": {
                "type": "zip",
                "url": "https://api.github.com/repos/zuniphp/uri/zipball/6ddfa6359137d431a3328ddb5645a99567895873",
                "reference": "6ddfa6359137d431a3328ddb5645a99567895873",
                "shasum": ""
            },
            "require": {
                "zuniphp/contract": "dev-master",
                "zuniphp/registry": "dev-master"
            },
            "type": "library",
            "autoload": {
                "psr-4": {
                    "Zuni\\Uri\\": "src/Zuni/Uri/"
                }
            },
            "notification-url": "https://packagist.org/downloads/",
            "license": [
                "MIT"
            ],
            "authors": [
                {
                    "name": "Estefanio NS",
                    "email": "estefanions@gmail.com"
                }
            ],
            "time": "2016-11-26 13:49:00"
        },
        {
            "name": "zuniphp/view",
            "version": "dev-master",
            "source": {
                "type": "git",
                "url": "https://github.com/zuniphp/view.git",
                "reference": "5bc2a218e76c471a01ef1f3915b9e8fd268f6156"
            },
            "dist": {
                "type": "zip",
                "url": "https://api.github.com/repos/zuniphp/view/zipball/5bc2a218e76c471a01ef1f3915b9e8fd268f6156",
                "reference": "5bc2a218e76c471a01ef1f3915b9e8fd268f6156",
                "shasum": ""
            },
            "require": {
                "zuniphp/contract": "dev-master",
                "zuniphp/registry": "dev-master"
            },
            "type": "library",
            "autoload": {
                "psr-4": {
                    "Zuni\\View\\": "src/Zuni/View/"
                }
            },
            "notification-url": "https://packagist.org/downloads/",
            "license": [
                "MIT"
            ],
            "authors": [
                {
                    "name": "Estefanio NS",
                    "email": "estefanions@gmail.com"
                }
            ],
            "time": "2016-11-26 13:31:39"
        },
        {
            "name": "zuniphp/zuniphp",
            "version": "dev-master",
            "source": {
                "type": "git",
                "url": "https://github.com/zuniphp/zuniphp.git",
                "reference": "31903554228fdc5de925ace436fd2c24153ad937"
            },
            "dist": {
                "type": "zip",
                "url": "https://api.github.com/repos/zuniphp/zuniphp/zipball/31903554228fdc5de925ace436fd2c24153ad937",
                "reference": "31903554228fdc5de925ace436fd2c24153ad937",
                "shasum": ""
            },
            "require": {
                "php": ">=5.4.4",
                "zuniphp/contract": "dev-master",
                "zuniphp/filter": "dev-master",
                "zuniphp/registry": "dev-master",
                "zuniphp/uri": "dev-master",
                "zuniphp/view": "dev-master"
            },
            "type": "library",
            "autoload": {
                "psr-4": {
                    "Zuni\\": "src/Zuni/"
                }
            },
            "notification-url": "https://packagist.org/downloads/",
            "license": [
                "MIT"
            ],
            "authors": [
                {
                    "name": "Estefanio NS",
                    "email": "estefanions@gmail.com"
                }
            ],
            "time": "2016-11-26 13:36:12"
        }
    ],
    "packages-dev": [],
    "aliases": [],
    "minimum-stability": "dev",
    "stability-flags": {
        "zuniphp/zuniphp": 20,
        "senun/widget-form": 20,
        "senun/widget": 20
    },
    "prefer-stable": false,
    "prefer-lowest": false,
    "platform": {
        "php": ">=5.4.4"
    },
    "platform-dev": []
}
